
Microsoft Visual Studio Solution File, Format Version 12.00
# Visual Studio 15
VisualStudioVersion = 15.0.26127.0
MinimumVisualStudioVersion = 10.0.40219.1
Project("{8BC9CEB8-8B4A-11D0-8D11-00A0C91BC942}") = "Project Euler Solutions", "Project Euler Solutions\Project Euler Solutions.vcxproj", "{EDDBAA8D-E7C8-4A20-AF24-BE963F751D92}"
EndProject
Project("{8BC9CEB8-8B4A-11D0-8D11-00A0C91BC942}") = "Tests", "Tests\Tests.vcxproj", "{9411F296-B4C0-42C5-8E12-92F368EC8193}"
EndProject
Global
	GlobalSection(SolutionConfigurationPlatforms) = preSolution
		Debug|x64 = Debug|x64
		Debug|x86 = Debug|x86
		Release|x64 = Release|x64
		Release|x86 = Release|x86
	EndGlobalSection
	GlobalSection(ProjectConfigurationPlatforms) = postSolution
		{EDDBAA8D-E7C8-4A20-AF24-BE963F751D92}.Debug|x64.ActiveCfg = Debug|x64
		{EDDBAA8D-E7C8-4A20-AF24-BE963F751D92}.Debug|x64.Build.0 = Debug|x64
		{EDDBAA8D-E7C8-4A20-AF24-BE963F751D92}.Debug|x86.ActiveCfg = Debug|Win32
		{EDDBAA8D-E7C8-4A20-AF24-BE963F751D92}.Debug|x86.Build.0 = Debug|Win32
		{EDDBAA8D-E7C8-4A20-AF24-BE963F751D92}.Release|x64.ActiveCfg = Release|x64
		{EDDBAA8D-E7C8-4A20-AF24-BE963F751D92}.Release|x64.Build.0 = Release|x64
		{EDDBAA8D-E7C8-4A20-AF24-BE963F751D92}.Release|x86.ActiveCfg = Release|Win32
		{EDDBAA8D-E7C8-4A20-AF24-BE963F751D92}.Release|x86.Build.0 = Release|Win32
		{9411F296-B4C0-42C5-8E12-92F368EC8193}.Debug|x64.ActiveCfg = Debug|x64
		{9411F296-B4C0-42C5-8E12-92F368EC8193}.Debug|x64.Build.0 = Debug|x64
		{9411F296-B4C0-42C5-8E12-92F368EC8193}.Debug|x86.ActiveCfg = Debug|Win32
		{9411F296-B4C0-42C5-8E12-92F368EC8193}.Debug|x86.Build.0 = Debug|Win32
		{9411F296-B4C0-42C5-8E12-92F368EC8193}.Release|x64.ActiveCfg = Release|x64
		{9411F296-B4C0-42C5-8E12-92F368EC8193}.Release|x64.Build.0 = Release|x64
		{9411F296-B4C0-42C5-8E12-92F368EC8193}.Release|x86.ActiveCfg = Release|Win32
		{9411F296-B4C0-42C5-8E12-92F368EC8193}.Release|x86.Build.0 = Release|Win32
	EndGlobalSection
	GlobalSection(SolutionProperties) = preSolution
		HideSolutionNode = FALSE
	EndGlobalSection
EndGlobal
